
Microsoft Visual Studio Solution File, Format Version 12.00
# Visual Studio Version 17
VisualStudioVersion = 17.5.33530.505
MinimumVisualStudioVersion = 10.0.40219.1
Project("{FAE04EC0-301F-11D3-BF4B-00C04F79EFBC}") = "Blog", "Blog\Blog.csproj", "{14AB6CF6-1FBD-4845-AF53-46DB2B722A6A}"
EndProject
Global
	GlobalSection(SolutionConfigurationPlatforms) = preSolution
		Debug|Any CPU = Debug|Any CPU
		Release|Any CPU = Release|Any CPU
	EndGlobalSection
	GlobalSection(ProjectConfigurationPlatforms) = postSolution
		{14AB6CF6-1FBD-4845-AF53-46DB2B722A6A}.Debug|Any CPU.ActiveCfg = Debug|Any CPU
		{14AB6CF6-1FBD-4845-AF53-46DB2B722A6A}.Debug|Any CPU.Build.0 = Debug|Any CPU
		{14AB6CF6-1FBD-4845-AF53-46DB2B722A6A}.Release|Any CPU.ActiveCfg = Release|Any CPU
		{14AB6CF6-1FBD-4845-AF53-46DB2B722A6A}.Release|Any CPU.Build.0 = Release|Any CPU
	EndGlobalSection
	GlobalSection(SolutionProperties) = preSolution
		HideSolutionNode = FALSE
	EndGlobalSection
	GlobalSection(ExtensibilityGlobals) = postSolution
		SolutionGuid = {078B6954-6797-4DB1-9EC5-7B572A230C79}
	EndGlobalSection
EndGlobal
